
Microsoft Visual Studio Solution File, Format Version 12.00
# Visual Studio 14
VisualStudioVersion = 14.0.25420.1
MinimumVisualStudioVersion = 10.0.40219.1
Project("{FAE04EC0-301F-11D3-BF4B-00C04F79EFBC}") = "PrettyHair", "PrettyHair\PrettyHair.csproj", "{AF5EB97D-720E-4C66-9A5A-296E33D66765}"
EndProject
Project("{FAE04EC0-301F-11D3-BF4B-00C04F79EFBC}") = "UnitTestProjectPH", "UnitTestProjectPH\UnitTestProjectPH.csproj", "{255BE70F-0949-4283-8F4D-D4B4784B9988}"
EndProject
Project("{FAE04EC0-301F-11D3-BF4B-00C04F79EFBC}") = "DatabaseLayer", "DatabaseLayer\DatabaseLayer.csproj", "{9062B9F9-1E5A-4E15-B65D-9FE9C17C5A15}"
EndProject
Project("{FAE04EC0-301F-11D3-BF4B-00C04F79EFBC}") = "DomainLayer", "DomainLayer\DomainLayer.csproj", "{B1CBBB0A-C0A7-4B94-B0E9-B399C616DD25}"
EndProject
Project("{FAE04EC0-301F-11D3-BF4B-00C04F79EFBC}") = "PrettyHairGUI", "PrettyHairGUI\PrettyHairGUI.csproj", "{C86386A9-546F-40D6-9DF0-BB5849F0982D}"
EndProject
Global
	GlobalSection(SolutionConfigurationPlatforms) = preSolution
		Debug|Any CPU = Debug|Any CPU
		Debug|x86 = Debug|x86
		Release|Any CPU = Release|Any CPU
		Release|x86 = Release|x86
	EndGlobalSection
	GlobalSection(ProjectConfigurationPlatforms) = postSolution
		{AF5EB97D-720E-4C66-9A5A-296E33D66765}.Debug|Any CPU.ActiveCfg = Debug|Any CPU
		{AF5EB97D-720E-4C66-9A5A-296E33D66765}.Debug|Any CPU.Build.0 = Debug|Any CPU
		{AF5EB97D-720E-4C66-9A5A-296E33D66765}.Debug|x86.ActiveCfg = Debug|Any CPU
		{AF5EB97D-720E-4C66-9A5A-296E33D66765}.Debug|x86.Build.0 = Debug|Any CPU
		{AF5EB97D-720E-4C66-9A5A-296E33D66765}.Release|Any CPU.ActiveCfg = Release|Any CPU
		{AF5EB97D-720E-4C66-9A5A-296E33D66765}.Release|Any CPU.Build.0 = Release|Any CPU
		{AF5EB97D-720E-4C66-9A5A-296E33D66765}.Release|x86.ActiveCfg = Release|Any CPU
		{AF5EB97D-720E-4C66-9A5A-296E33D66765}.Release|x86.Build.0 = Release|Any CPU
		{255BE70F-0949-4283-8F4D-D4B4784B9988}.Debug|Any CPU.ActiveCfg = Debug|Any CPU
		{255BE70F-0949-4283-8F4D-D4B4784B9988}.Debug|Any CPU.Build.0 = Debug|Any CPU
		{255BE70F-0949-4283-8F4D-D4B4784B9988}.Debug|x86.ActiveCfg = Debug|Any CPU
		{255BE70F-0949-4283-8F4D-D4B4784B9988}.Debug|x86.Build.0 = Debug|Any CPU
		{255BE70F-0949-4283-8F4D-D4B4784B9988}.Release|Any CPU.ActiveCfg = Release|Any CPU
		{255BE70F-0949-4283-8F4D-D4B4784B9988}.Release|Any CPU.Build.0 = Release|Any CPU
		{255BE70F-0949-4283-8F4D-D4B4784B9988}.Release|x86.ActiveCfg = Release|Any CPU
		{255BE70F-0949-4283-8F4D-D4B4784B9988}.Release|x86.Build.0 = Release|Any CPU
		{9062B9F9-1E5A-4E15-B65D-9FE9C17C5A15}.Debug|Any CPU.ActiveCfg = Debug|Any CPU
		{9062B9F9-1E5A-4E15-B65D-9FE9C17C5A15}.Debug|Any CPU.Build.0 = Debug|Any CPU
		{9062B9F9-1E5A-4E15-B65D-9FE9C17C5A15}.Debug|x86.ActiveCfg = Debug|Any CPU
		{9062B9F9-1E5A-4E15-B65D-9FE9C17C5A15}.Debug|x86.Build.0 = Debug|Any CPU
		{9062B9F9-1E5A-4E15-B65D-9FE9C17C5A15}.Release|Any CPU.ActiveCfg = Release|Any CPU
		{9062B9F9-1E5A-4E15-B65D-9FE9C17C5A15}.Release|Any CPU.Build.0 = Release|Any CPU
		{9062B9F9-1E5A-4E15-B65D-9FE9C17C5A15}.Release|x86.ActiveCfg = Release|Any CPU
		{9062B9F9-1E5A-4E15-B65D-9FE9C17C5A15}.Release|x86.Build.0 = Release|Any CPU
		{B1CBBB0A-C0A7-4B94-B0E9-B399C616DD25}.Debug|Any CPU.ActiveCfg = Debug|Any CPU
		{B1CBBB0A-C0A7-4B94-B0E9-B399C616DD25}.Debug|Any CPU.Build.0 = Debug|Any CPU
		{B1CBBB0A-C0A7-4B94-B0E9-B399C616DD25}.Debug|x86.ActiveCfg = Debug|Any CPU
		{B1CBBB0A-C0A7-4B94-B0E9-B399C616DD25}.Debug|x86.Build.0 = Debug|Any CPU
		{B1CBBB0A-C0A7-4B94-B0E9-B399C616DD25}.Release|Any CPU.ActiveCfg = Release|Any CPU
		{B1CBBB0A-C0A7-4B94-B0E9-B399C616DD25}.Release|Any CPU.Build.0 = Release|Any CPU
		{B1CBBB0A-C0A7-4B94-B0E9-B399C616DD25}.Release|x86.ActiveCfg = Release|Any CPU
		{B1CBBB0A-C0A7-4B94-B0E9-B399C616DD25}.Release|x86.Build.0 = Release|Any CPU
		{C86386A9-546F-40D6-9DF0-BB5849F0982D}.Debug|Any CPU.ActiveCfg = Debug|Any CPU
		{C86386A9-546F-40D6-9DF0-BB5849F0982D}.Debug|Any CPU.Build.0 = Debug|Any CPU
		{C86386A9-546F-40D6-9DF0-BB5849F0982D}.Debug|x86.ActiveCfg = Debug|Any CPU
		{C86386A9-546F-40D6-9DF0-BB5849F0982D}.Debug|x86.Build.0 = Debug|Any CPU
		{C86386A9-546F-40D6-9DF0-BB5849F0982D}.Release|Any CPU.ActiveCfg = Release|Any CPU
		{C86386A9-546F-40D6-9DF0-BB5849F0982D}.Release|Any CPU.Build.0 = Release|Any CPU
		{C86386A9-546F-40D6-9DF0-BB5849F0982D}.Release|x86.ActiveCfg = Release|Any CPU
		{C86386A9-546F-40D6-9DF0-BB5849F0982D}.Release|x86.Build.0 = Release|Any CPU
	EndGlobalSection
	GlobalSection(SolutionProperties) = preSolution
		HideSolutionNode = FALSE
	EndGlobalSection
EndGlobal
